
Microsoft Visual Studio Solution File, Format Version 12.00
# Visual Studio Version 16
VisualStudioVersion = 16.0.30503.244
MinimumVisualStudioVersion = 10.0.40219.1
Project("{9A19103F-16F7-4668-BE54-9A1E7A4F7556}") = "ToDo.Api.App", "ToDo.Api.App\ToDo.Api.App.csproj", "{1890955B-0C8D-4E39-9602-D6F37794702B}"
EndProject
Project("{9A19103F-16F7-4668-BE54-9A1E7A4F7556}") = "ToDo.Api.DataModels", "ToDo.Api.DataModels\ToDo.Api.DataModels.csproj", "{9C59BF4C-3D89-41F9-A7C1-0DA495E7B98D}"
EndProject
Project("{9A19103F-16F7-4668-BE54-9A1E7A4F7556}") = "ToDo.Api.DataAccess", "ToDo.Api.DataAccess\ToDo.Api.DataAccess.csproj", "{1AFC512E-5642-4C15-A9F5-A0D62B86023F}"
EndProject
Project("{9A19103F-16F7-4668-BE54-9A1E7A4F7556}") = "ToDo.Api.Services", "ToDo.Api.Services\ToDo.Api.Services.csproj", "{E18DA96C-0E47-4099-A27D-FE84D0E58BA9}"
EndProject
Project("{FAE04EC0-301F-11D3-BF4B-00C04F79EFBC}") = "ToDo.Api.Models", "ToDo.Api.Models\ToDo.Api.Models.csproj", "{E2DFB5D9-CD5C-471B-A6C4-145DE8225932}"
EndProject
Global
	GlobalSection(SolutionConfigurationPlatforms) = preSolution
		Debug|Any CPU = Debug|Any CPU
		Release|Any CPU = Release|Any CPU
	EndGlobalSection
	GlobalSection(ProjectConfigurationPlatforms) = postSolution
		{1890955B-0C8D-4E39-9602-D6F37794702B}.Debug|Any CPU.ActiveCfg = Debug|Any CPU
		{1890955B-0C8D-4E39-9602-D6F37794702B}.Debug|Any CPU.Build.0 = Debug|Any CPU
		{1890955B-0C8D-4E39-9602-D6F37794702B}.Release|Any CPU.ActiveCfg = Release|Any CPU
		{1890955B-0C8D-4E39-9602-D6F37794702B}.Release|Any CPU.Build.0 = Release|Any CPU
		{9C59BF4C-3D89-41F9-A7C1-0DA495E7B98D}.Debug|Any CPU.ActiveCfg = Debug|Any CPU
		{9C59BF4C-3D89-41F9-A7C1-0DA495E7B98D}.Debug|Any CPU.Build.0 = Debug|Any CPU
		{9C59BF4C-3D89-41F9-A7C1-0DA495E7B98D}.Release|Any CPU.ActiveCfg = Release|Any CPU
		{9C59BF4C-3D89-41F9-A7C1-0DA495E7B98D}.Release|Any CPU.Build.0 = Release|Any CPU
		{1AFC512E-5642-4C15-A9F5-A0D62B86023F}.Debug|Any CPU.ActiveCfg = Debug|Any CPU
		{1AFC512E-5642-4C15-A9F5-A0D62B86023F}.Debug|Any CPU.Build.0 = Debug|Any CPU
		{1AFC512E-5642-4C15-A9F5-A0D62B86023F}.Release|Any CPU.ActiveCfg = Release|Any CPU
		{1AFC512E-5642-4C15-A9F5-A0D62B86023F}.Release|Any CPU.Build.0 = Release|Any CPU
		{E18DA96C-0E47-4099-A27D-FE84D0E58BA9}.Debug|Any CPU.ActiveCfg = Debug|Any CPU
		{E18DA96C-0E47-4099-A27D-FE84D0E58BA9}.Debug|Any CPU.Build.0 = Debug|Any CPU
		{E18DA96C-0E47-4099-A27D-FE84D0E58BA9}.Release|Any CPU.ActiveCfg = Release|Any CPU
		{E18DA96C-0E47-4099-A27D-FE84D0E58BA9}.Release|Any CPU.Build.0 = Release|Any CPU
		{E2DFB5D9-CD5C-471B-A6C4-145DE8225932}.Debug|Any CPU.ActiveCfg = Debug|Any CPU
		{E2DFB5D9-CD5C-471B-A6C4-145DE8225932}.Debug|Any CPU.Build.0 = Debug|Any CPU
		{E2DFB5D9-CD5C-471B-A6C4-145DE8225932}.Release|Any CPU.ActiveCfg = Release|Any CPU
		{E2DFB5D9-CD5C-471B-A6C4-145DE8225932}.Release|Any CPU.Build.0 = Release|Any CPU
	EndGlobalSection
	GlobalSection(SolutionProperties) = preSolution
		HideSolutionNode = FALSE
	EndGlobalSection
	GlobalSection(ExtensibilityGlobals) = postSolution
		SolutionGuid = {F7D0260F-346F-4E80-B9EE-E5C0D89C2536}
	EndGlobalSection
EndGlobal
